
Microsoft Visual Studio Solution File, Format Version 12.00
# Visual Studio 15
VisualStudioVersion = 15.0.27428.2037
MinimumVisualStudioVersion = 10.0.40219.1
Project("{FAE04EC0-301F-11D3-BF4B-00C04F79EFBC}") = "SecureDocumentStorage", "SecureDocumentStorage\SecureDocumentStorage.csproj", "{13E46B46-2920-4301-A888-FC3C4EDE7FDD}"
EndProject
Global
	GlobalSection(SolutionConfigurationPlatforms) = preSolution
		Debug|Any CPU = Debug|Any CPU
		Release|Any CPU = Release|Any CPU
	EndGlobalSection
	GlobalSection(ProjectConfigurationPlatforms) = postSolution
		{13E46B46-2920-4301-A888-FC3C4EDE7FDD}.Debug|Any CPU.ActiveCfg = Debug|Any CPU
		{13E46B46-2920-4301-A888-FC3C4EDE7FDD}.Debug|Any CPU.Build.0 = Debug|Any CPU
		{13E46B46-2920-4301-A888-FC3C4EDE7FDD}.Release|Any CPU.ActiveCfg = Release|Any CPU
		{13E46B46-2920-4301-A888-FC3C4EDE7FDD}.Release|Any CPU.Build.0 = Release|Any CPU
	EndGlobalSection
	GlobalSection(SolutionProperties) = preSolution
		HideSolutionNode = FALSE
	EndGlobalSection
	GlobalSection(ExtensibilityGlobals) = postSolution
		SolutionGuid = {AAADFA50-7051-4F3D-8438-503FA04FE464}
	EndGlobalSection
EndGlobal
